Microsoft Visual Studio Solution File, Format Version 12.00
# Visual Studio Version 17
VisualStudioVersion = 17.5.2.0
MinimumVisualStudioVersion = 10.0.40219.1
Project("{FAE04EC0-301F-11D3-BF4B-00C04F79EFBC}") = "FeastsOfCalradia", "FeastsOfCalradia.csproj", "{93CFEA4B-6EC3-7EB9-6EBF-7F185D51E3CA}"
EndProject
Global
	GlobalSection(SolutionConfigurationPlatforms) = preSolution
		Debug|Any CPU = Debug|Any CPU
		Release|Any CPU = Release|Any CPU
	EndGlobalSection
	GlobalSection(ProjectConfigurationPlatforms) = postSolution
		{93CFEA4B-6EC3-7EB9-6EBF-7F185D51E3CA}.Debug|Any CPU.ActiveCfg = Debug|Any CPU
		{93CFEA4B-6EC3-7EB9-6EBF-7F185D51E3CA}.Debug|Any CPU.Build.0 = Debug|Any CPU
		{93CFEA4B-6EC3-7EB9-6EBF-7F185D51E3CA}.Release|Any CPU.ActiveCfg = Release|Any CPU
		{93CFEA4B-6EC3-7EB9-6EBF-7F185D51E3CA}.Release|Any CPU.Build.0 = Release|Any CPU
	EndGlobalSection
	GlobalSection(SolutionProperties) = preSolution
		HideSolutionNode = FALSE
	EndGlobalSection
	GlobalSection(ExtensibilityGlobals) = postSolution
		SolutionGuid = {9F9A5C54-A6A2-40CE-B81C-358D281C637F}
	EndGlobalSection
EndGlobal
